PODS:
  - Closures (0.3)
  - Nimble (7.0.2)
  - Quick (1.2.0)

DEPENDENCIES:
  - Closures
  - Nimble
  - Quick

SPEC CHECKSUMS:
  Closures: 8962b9c2157fc29a0e88d897c1dc19e50bf83f6f
  Nimble: bfe1f814edabba69ff145cb1283e04ed636a67f2
  Quick: 58d203b1c5e27fff7229c4c1ae445ad7069a7a08

PODFILE CHECKSUM: d57448922a9eb14decde443739e0312cadc5024e

COCOAPODS: 1.3.1
